
Microsoft Visual Studio Solution File, Format Version 12.00
# Visual Studio Version 16
VisualStudioVersion = 16.0.33801.447
MinimumVisualStudioVersion = 10.0.40219.1
Project("{8BC9CEB8-8B4A-11D0-8D11-00A0C91BC942}") = "pro1", "pro1\pro1.vcxproj", "{687E1909-EAE5-48E5-8A9B-9FE2FDB2EF84}"
EndProject
Project("{8BC9CEB8-8B4A-11D0-8D11-00A0C91BC942}") = "pro2", "pro2\pro2.vcxproj", "{6424F1AA-AC9A-418B-90E9-65ADBC64C832}"
EndProject
Project("{8BC9CEB8-8B4A-11D0-8D11-00A0C91BC942}") = "pro3", "pro3\pro3.vcxproj", "{DEFB7B50-F5ED-436E-994D-29C26D27A97C}"
EndProject
Project("{8BC9CEB8-8B4A-11D0-8D11-00A0C91BC942}") = "pro4", "pro4\pro4.vcxproj", "{999BF446-7B66-4753-8CFE-8B03EEAA1594}"
EndProject
Global
	GlobalSection(SolutionConfigurationPlatforms) = preSolution
		Debug|x64 = Debug|x64
		Debug|x86 = Debug|x86
		Release|x64 = Release|x64
		Release|x86 = Release|x86
	EndGlobalSection
	GlobalSection(ProjectConfigurationPlatforms) = postSolution
		{687E1909-EAE5-48E5-8A9B-9FE2FDB2EF84}.Debug|x64.ActiveCfg = Debug|x64
		{687E1909-EAE5-48E5-8A9B-9FE2FDB2EF84}.Debug|x64.Build.0 = Debug|x64
		{687E1909-EAE5-48E5-8A9B-9FE2FDB2EF84}.Debug|x86.ActiveCfg = Debug|Win32
		{687E1909-EAE5-48E5-8A9B-9FE2FDB2EF84}.Debug|x86.Build.0 = Debug|Win32
		{687E1909-EAE5-48E5-8A9B-9FE2FDB2EF84}.Release|x64.ActiveCfg = Release|x64
		{687E1909-EAE5-48E5-8A9B-9FE2FDB2EF84}.Release|x64.Build.0 = Release|x64
		{687E1909-EAE5-48E5-8A9B-9FE2FDB2EF84}.Release|x86.ActiveCfg = Release|Win32
		{687E1909-EAE5-48E5-8A9B-9FE2FDB2EF84}.Release|x86.Build.0 = Release|Win32
		{6424F1AA-AC9A-418B-90E9-65ADBC64C832}.Debug|x64.ActiveCfg = Debug|x64
		{6424F1AA-AC9A-418B-90E9-65ADBC64C832}.Debug|x64.Build.0 = Debug|x64
		{6424F1AA-AC9A-418B-90E9-65ADBC64C832}.Debug|x86.ActiveCfg = Debug|Win32
		{6424F1AA-AC9A-418B-90E9-65ADBC64C832}.Debug|x86.Build.0 = Debug|Win32
		{6424F1AA-AC9A-418B-90E9-65ADBC64C832}.Release|x64.ActiveCfg = Release|x64
		{6424F1AA-AC9A-418B-90E9-65ADBC64C832}.Release|x64.Build.0 = Release|x64
		{6424F1AA-AC9A-418B-90E9-65ADBC64C832}.Release|x86.ActiveCfg = Release|Win32
		{6424F1AA-AC9A-418B-90E9-65ADBC64C832}.Release|x86.Build.0 = Release|Win32
		{DEFB7B50-F5ED-436E-994D-29C26D27A97C}.Debug|x64.ActiveCfg = Debug|x64
		{DEFB7B50-F5ED-436E-994D-29C26D27A97C}.Debug|x64.Build.0 = Debug|x64
		{DEFB7B50-F5ED-436E-994D-29C26D27A97C}.Debug|x86.ActiveCfg = Debug|Win32
		{DEFB7B50-F5ED-436E-994D-29C26D27A97C}.Debug|x86.Build.0 = Debug|Win32
		{DEFB7B50-F5ED-436E-994D-29C26D27A97C}.Release|x64.ActiveCfg = Release|x64
		{DEFB7B50-F5ED-436E-994D-29C26D27A97C}.Release|x64.Build.0 = Release|x64
		{DEFB7B50-F5ED-436E-994D-29C26D27A97C}.Release|x86.ActiveCfg = Release|Win32
		{DEFB7B50-F5ED-436E-994D-29C26D27A97C}.Release|x86.Build.0 = Release|Win32
		{999BF446-7B66-4753-8CFE-8B03EEAA1594}.Debug|x64.ActiveCfg = Debug|x64
		{999BF446-7B66-4753-8CFE-8B03EEAA1594}.Debug|x64.Build.0 = Debug|x64
		{999BF446-7B66-4753-8CFE-8B03EEAA1594}.Debug|x86.ActiveCfg = Debug|Win32
		{999BF446-7B66-4753-8CFE-8B03EEAA1594}.Debug|x86.Build.0 = Debug|Win32
		{999BF446-7B66-4753-8CFE-8B03EEAA1594}.Release|x64.ActiveCfg = Release|x64
		{999BF446-7B66-4753-8CFE-8B03EEAA1594}.Release|x64.Build.0 = Release|x64
		{999BF446-7B66-4753-8CFE-8B03EEAA1594}.Release|x86.ActiveCfg = Release|Win32
		{999BF446-7B66-4753-8CFE-8B03EEAA1594}.Release|x86.Build.0 = Release|Win32
	EndGlobalSection
	GlobalSection(SolutionProperties) = preSolution
		HideSolutionNode = FALSE
	EndGlobalSection
	GlobalSection(ExtensibilityGlobals) = postSolution
		SolutionGuid = {859147E7-37A3-4B95-BA22-ABCF268B1A41}
	EndGlobalSection
EndGlobal
